
Microsoft Visual Studio Solution File, Format Version 12.00
# Visual Studio 15
Project("{FAE04EC0-301F-11D3-BF4B-00C04F79EFBC}") = "MR_MachineLearning", "MR_MachineLearning.csproj", "{4C156148-0323-B680-E6EC-288C7EBADB1D}"
EndProject
Global
	GlobalSection(SolutionConfigurationPlatforms) = preSolution
		Debug|Any CPU = Debug|Any CPU
		Release|Any CPU = Release|Any CPU
	EndGlobalSection
	GlobalSection(ProjectConfigurationPlatforms) = postSolution
		{4C156148-0323-B680-E6EC-288C7EBADB1D}.Debug|Any CPU.ActiveCfg = Debug|Any CPU
		{4C156148-0323-B680-E6EC-288C7EBADB1D}.Debug|Any CPU.Build.0 = Debug|Any CPU
		{4C156148-0323-B680-E6EC-288C7EBADB1D}.Release|Any CPU.ActiveCfg = Release|Any CPU
		{4C156148-0323-B680-E6EC-288C7EBADB1D}.Release|Any CPU.Build.0 = Release|Any CPU
	EndGlobalSection
	GlobalSection(SolutionProperties) = preSolution
		HideSolutionNode = FALSE
	EndGlobalSection
EndGlobal
